
Microsoft Visual Studio Solution File, Format Version 12.00
# Visual Studio Version 17
VisualStudioVersion = 17.1.32319.34
MinimumVisualStudioVersion = 10.0.40219.1
Project("{FAE04EC0-301F-11D3-BF4B-00C04F79EFBC}") = "rieltori", "rieltori\rieltori.csproj", "{30D80328-B233-4A53-9293-A0FFD277A904}"
EndProject
Global
	GlobalSection(SolutionConfigurationPlatforms) = preSolution
		Debug|Any CPU = Debug|Any CPU
		Release|Any CPU = Release|Any CPU
	EndGlobalSection
	GlobalSection(ProjectConfigurationPlatforms) = postSolution
		{30D80328-B233-4A53-9293-A0FFD277A904}.Debug|Any CPU.ActiveCfg = Debug|Any CPU
		{30D80328-B233-4A53-9293-A0FFD277A904}.Debug|Any CPU.Build.0 = Debug|Any CPU
		{30D80328-B233-4A53-9293-A0FFD277A904}.Release|Any CPU.ActiveCfg = Release|Any CPU
		{30D80328-B233-4A53-9293-A0FFD277A904}.Release|Any CPU.Build.0 = Release|Any CPU
	EndGlobalSection
	GlobalSection(SolutionProperties) = preSolution
		HideSolutionNode = FALSE
	EndGlobalSection
	GlobalSection(ExtensibilityGlobals) = postSolution
		SolutionGuid = {17B95017-5960-4A57-B3A2-1D4BDEE94AC7}
	EndGlobalSection
EndGlobal
